
Microsoft Visual Studio Solution File, Format Version 12.00
# Visual Studio Version 17
VisualStudioVersion = 17.13.35931.197 d17.13
MinimumVisualStudioVersion = 10.0.40219.1
Project("{FAE04EC0-301F-11D3-BF4B-00C04F79EFBC}") = "OOPS02", "OOPS02\OOPS02.csproj", "{39CE8821-5B1C-43E5-9B8D-EEB1307CE8B2}"
EndProject
Global
	GlobalSection(SolutionConfigurationPlatforms) = preSolution
		Debug|Any CPU = Debug|Any CPU
		Release|Any CPU = Release|Any CPU
	EndGlobalSection
	GlobalSection(ProjectConfigurationPlatforms) = postSolution
		{39CE8821-5B1C-43E5-9B8D-EEB1307CE8B2}.Debug|Any CPU.ActiveCfg = Debug|Any CPU
		{39CE8821-5B1C-43E5-9B8D-EEB1307CE8B2}.Debug|Any CPU.Build.0 = Debug|Any CPU
		{39CE8821-5B1C-43E5-9B8D-EEB1307CE8B2}.Release|Any CPU.ActiveCfg = Release|Any CPU
		{39CE8821-5B1C-43E5-9B8D-EEB1307CE8B2}.Release|Any CPU.Build.0 = Release|Any CPU
	EndGlobalSection
	GlobalSection(SolutionProperties) = preSolution
		HideSolutionNode = FALSE
	EndGlobalSection
	GlobalSection(ExtensibilityGlobals) = postSolution
		SolutionGuid = {ECCC0DD9-E884-486D-B81A-1A97E40E7599}
	EndGlobalSection
EndGlobal
